// !$*UTF8*$!
{
	archiveVersion = 1;
	classes = {
	};
	objectVersion = 56;
	objects = {

/* Begin PBXBuildFile section */
		EC086FBE2960323E008785E3 /* ServiceLayer.swift in Sources */ = {isa = PBXBuildFile; fileRef = EC086FBD2960323E008785E3 /* ServiceLayer.swift */; };
		EC086FC02960327A008785E3 /* NetworkError.swift in Sources */ = {isa = PBXBuildFile; fileRef = EC086FBF2960327A008785E3 /* NetworkError.swift */; };
		EC086FC2296032B2008785E3 /* RequestMode.swift in Sources */ = {isa = PBXBuildFile; fileRef = EC086FC1296032B2008785E3 /* RequestMode.swift */; };
		EC086FC529603421008785E3 /* Constants.swift in Sources */ = {isa = PBXBuildFile; fileRef = EC086FC429603421008785E3 /* Constants.swift */; };
		EC086FCB296038B8008785E3 /* HomeProvider.swift in Sources */ = {isa = PBXBuildFile; fileRef = EC086FCA296038B8008785E3 /* HomeProvider.swift */; };
		EC086FCD29603BB8008785E3 /* HomePresenter.swift in Sources */ = {isa = PBXBuildFile; fileRef = EC086FCC29603BB8008785E3 /* HomePresenter.swift */; };
		EC6EACB4295C36A600473F1D /* DataPlaylist.swift in Sources */ = {isa = PBXBuildFile; fileRef = EC6EACB3295C36A600473F1D /* DataPlaylist.swift */; };
		EC6EACB6295C40B300473F1D /* DataVideo.swift in Sources */ = {isa = PBXBuildFile; fileRef = EC6EACB5295C40B300473F1D /* DataVideo.swift */; };
		EC6EACB8295C481B00473F1D /* DataChannel.swift in Sources */ = {isa = PBXBuildFile; fileRef = EC6EACB7295C481B00473F1D /* DataChannel.swift */; };
		EC6EACBA295C484400473F1D /* DataPlaylistItem.swift in Sources */ = {isa = PBXBuildFile; fileRef = EC6EACB9295C484400473F1D /* DataPlaylistItem.swift */; };
		EC9FCB4F295DA0110004061A /* RootPageViewController.swift in Sources */ = {isa = PBXBuildFile; fileRef = EC9FCB4E295DA0110004061A /* RootPageViewController.swift */; };
		EC9FCB51295DA0300004061A /* MainViewController.swift in Sources */ = {isa = PBXBuildFile; fileRef = EC9FCB50295DA0300004061A /* MainViewController.swift */; };
		EC9FCB59295DA1F00004061A /* HomeViewController.swift in Sources */ = {isa = PBXBuildFile; fileRef = EC9FCB57295DA1F00004061A /* HomeViewController.swift */; };
		EC9FCB5A295DA1F00004061A /* HomeViewController.xib in Resources */ = {isa = PBXBuildFile; fileRef = EC9FCB58295DA1F00004061A /* HomeViewController.xib */; };
		EC9FCB5D295DA2010004061A /* VideosViewController.swift in Sources */ = {isa = PBXBuildFile; fileRef = EC9FCB5B295DA2010004061A /* VideosViewController.swift */; };
		EC9FCB5E295DA2010004061A /* VideosViewController.xib in Resources */ = {isa = PBXBuildFile; fileRef = EC9FCB5C295DA2010004061A /* VideosViewController.xib */; };
		EC9FCB61295DA2140004061A /* PlaylistsViewController.swift in Sources */ = {isa = PBXBuildFile; fileRef = EC9FCB5F295DA2140004061A /* PlaylistsViewController.swift */; };
		EC9FCB62295DA2140004061A /* PlaylistsViewController.xib in Resources */ = {isa = PBXBuildFile; fileRef = EC9FCB60295DA2140004061A /* PlaylistsViewController.xib */; };
		EC9FCB65295DA2270004061A /* ChannelViewController.swift in Sources */ = {isa = PBXBuildFile; fileRef = EC9FCB63295DA2270004061A /* ChannelViewController.swift */; };
		EC9FCB66295DA2270004061A /* ChannelViewController.xib in Resources */ = {isa = PBXBuildFile; fileRef = EC9FCB64295DA2270004061A /* ChannelViewController.xib */; };
		EC9FCB69295DA2400004061A /* AboutViewController.swift in Sources */ = {isa = PBXBuildFile; fileRef = EC9FCB67295DA2400004061A /* AboutViewController.swift */; };
		EC9FCB6A295DA2400004061A /* AboutViewController.xib in Resources */ = {isa = PBXBuildFile; fileRef = EC9FCB68295DA2400004061A /* AboutViewController.xib */; };
		ECFC22DD295B124A00761349 /* AppDelegate.swift in Sources */ = {isa = PBXBuildFile; fileRef = ECFC22DC295B124A00761349 /* AppDelegate.swift */; };
		ECFC22DF295B124A00761349 /* SceneDelegate.swift in Sources */ = {isa = PBXBuildFile; fileRef = ECFC22DE295B124A00761349 /* SceneDelegate.swift */; };
		ECFC22E1295B124A00761349 /* ViewController.swift in Sources */ = {isa = PBXBuildFile; fileRef = ECFC22E0295B124A00761349 /* ViewController.swift */; };
		ECFC22E4295B124A00761349 /* Main.storyboard in Resources */ = {isa = PBXBuildFile; fileRef = ECFC22E2295B124A00761349 /* Main.storyboard */; };
		ECFC22E7295B124A00761349 /* YouTubeClone.xcdatamodeld in Sources */ = {isa = PBXBuildFile; fileRef = ECFC22E5295B124A00761349 /* YouTubeClone.xcdatamodeld */; };
		ECFC22E9295B124B00761349 /* Assets.xcassets in Resources */ = {isa = PBXBuildFile; fileRef = ECFC22E8295B124B00761349 /* Assets.xcassets */; };
		ECFC22EC295B124B00761349 /* LaunchScreen.storyboard in Resources */ = {isa = PBXBuildFile; fileRef = ECFC22EA295B124B00761349 /* LaunchScreen.storyboard */; };
/* End PBXBuildFile section */

/* Begin PBXFileReference section */
		EC086FBD2960323E008785E3 /* ServiceLayer.swift */ = {isa = PBXFileReference; lastKnownFileType = sourcecode.swift; path = ServiceLayer.swift; sourceTree = "<group>"; };
		EC086FBF2960327A008785E3 /* NetworkError.swift */ = {isa = PBXFileReference; lastKnownFileType = sourcecode.swift; path = NetworkError.swift; sourceTree = "<group>"; };
		EC086FC1296032B2008785E3 /* RequestMode.swift */ = {isa = PBXFileReference; lastKnownFileType = sourcecode.swift; path = RequestMode.swift; sourceTree = "<group>"; };
		EC086FC429603421008785E3 /* Constants.swift */ = {isa = PBXFileReference; lastKnownFileType = sourcecode.swift; path = Constants.swift; sourceTree = "<group>"; };
		EC086FCA296038B8008785E3 /* HomeProvider.swift */ = {isa = PBXFileReference; lastKnownFileType = sourcecode.swift; path = HomeProvider.swift; sourceTree = "<group>"; };
		EC086FCC29603BB8008785E3 /* HomePresenter.swift */ = {isa = PBXFileReference; lastKnownFileType = sourcecode.swift; path = HomePresenter.swift; sourceTree = "<group>"; };
		EC6EACB3295C36A600473F1D /* DataPlaylist.swift */ = {isa = PBXFileReference; lastKnownFileType = sourcecode.swift; path = DataPlaylist.swift; sourceTree = "<group>"; };
		EC6EACB5295C40B300473F1D /* DataVideo.swift */ = {isa = PBXFileReference; lastKnownFileType = sourcecode.swift; path = DataVideo.swift; sourceTree = "<group>"; };
		EC6EACB7295C481B00473F1D /* DataChannel.swift */ = {isa = PBXFileReference; lastKnownFileType = sourcecode.swift; path = DataChannel.swift; sourceTree = "<group>"; };
		EC6EACB9295C484400473F1D /* DataPlaylistItem.swift */ = {isa = PBXFileReference; lastKnownFileType = sourcecode.swift; path = DataPlaylistItem.swift; sourceTree = "<group>"; };
		EC9FCB4E295DA0110004061A /* RootPageViewController.swift */ = {isa = PBXFileReference; lastKnownFileType = sourcecode.swift; path = RootPageViewController.swift; sourceTree = "<group>"; };
		EC9FCB50295DA0300004061A /* MainViewController.swift */ = {isa = PBXFileReference; lastKnownFileType = sourcecode.swift; path = MainViewController.swift; sourceTree = "<group>"; };
		EC9FCB57295DA1F00004061A /* HomeViewController.swift */ = {isa = PBXFileReference; lastKnownFileType = sourcecode.swift; path = HomeViewController.swift; sourceTree = "<group>"; };
		EC9FCB58295DA1F00004061A /* HomeViewController.xib */ = {isa = PBXFileReference; lastKnownFileType = file.xib; path = HomeViewController.xib; sourceTree = "<group>"; };
		EC9FCB5B295DA2010004061A /* VideosViewController.swift */ = {isa = PBXFileReference; lastKnownFileType = sourcecode.swift; path = VideosViewController.swift; sourceTree = "<group>"; };
		EC9FCB5C295DA2010004061A /* VideosViewController.xib */ = {isa = PBXFileReference; lastKnownFileType = file.xib; path = VideosViewController.xib; sourceTree = "<group>"; };
		EC9FCB5F295DA2140004061A /* PlaylistsViewController.swift */ = {isa = PBXFileReference; lastKnownFileType = sourcecode.swift; path = PlaylistsViewController.swift; sourceTree = "<group>"; };
		EC9FCB60295DA2140004061A /* PlaylistsViewController.xib */ = {isa = PBXFileReference; lastKnownFileType = file.xib; path = PlaylistsViewController.xib; sourceTree = "<group>"; };
		EC9FCB63295DA2270004061A /* ChannelViewController.swift */ = {isa = PBXFileReference; lastKnownFileType = sourcecode.swift; path = ChannelViewController.swift; sourceTree = "<group>"; };
		EC9FCB64295DA2270004061A /* ChannelViewController.xib */ = {isa = PBXFileReference; lastKnownFileType = file.xib; path = ChannelViewController.xib; sourceTree = "<group>"; };
		EC9FCB67295DA2400004061A /* AboutViewController.swift */ = {isa = PBXFileReference; lastKnownFileType = sourcecode.swift; path = AboutViewController.swift; sourceTree = "<group>"; };
		EC9FCB68295DA2400004061A /* AboutViewController.xib */ = {isa = PBXFileReference; lastKnownFileType = file.xib; path = AboutViewController.xib; sourceTree = "<group>"; };
		ECFC22D9295B124A00761349 /* YouTubeClone.app */ = {isa = PBXFileReference; explicitFileType = wrapper.application; includeInIndex = 0; path = YouTubeClone.app; sourceTree = BUILT_PRODUCTS_DIR; };
		ECFC22DC295B124A00761349 /* AppDelegate.swift */ = {isa = PBXFileReference; lastKnownFileType = sourcecode.swift; path = AppDelegate.swift; sourceTree = "<group>"; };
		ECFC22DE295B124A00761349 /* SceneDelegate.swift */ = {isa = PBXFileReference; lastKnownFileType = sourcecode.swift; path = SceneDelegate.swift; sourceTree = "<group>"; };
		ECFC22E0295B124A00761349 /* ViewController.swift */ = {isa = PBXFileReference; lastKnownFileType = sourcecode.swift; path = ViewController.swift; sourceTree = "<group>"; };
		ECFC22E3295B124A00761349 /* Base */ = {isa = PBXFileReference; lastKnownFileType = file.storyboard; name = Base; path = Base.lproj/Main.storyboard; sourceTree = "<group>"; };
		ECFC22E6295B124A00761349 /* YouTubeClone.xcdatamodel */ = {isa = PBXFileReference; lastKnownFileType = wrapper.xcdatamodel; path = YouTubeClone.xcdatamodel; sourceTree = "<group>"; };
		ECFC22E8295B124B00761349 /* Assets.xcassets */ = {isa = PBXFileReference; lastKnownFileType = folder.assetcatalog; path = Assets.xcassets; sourceTree = "<group>"; };
		ECFC22EB295B124B00761349 /* Base */ = {isa = PBXFileReference; lastKnownFileType = file.storyboard; name = Base; path = Base.lproj/LaunchScreen.storyboard; sourceTree = "<group>"; };
		ECFC22ED295B124B00761349 /* Info.plist */ = {isa = PBXFileReference; lastKnownFileType = text.plist.xml; path = Info.plist; sourceTree = "<group>"; };
/* End PBXFileReference section */

/* Begin PBXFrameworksBuildPhase section */
		ECFC22D6295B124A00761349 /* Frameworks */ = {
			isa = PBXFrameworksBuildPhase;
			buildActionMask = 2147483647;
			files = (
			);
			runOnlyForDeploymentPostprocessing = 0;
		};
/* End PBXFrameworksBuildPhase section */

/* Begin PBXGroup section */
		EC086FC32960340A008785E3 /* Utils */ = {
			isa = PBXGroup;
			children = (
				EC086FC429603421008785E3 /* Constants.swift */,
			);
			path = Utils;
			sourceTree = "<group>";
		};
		EC086FC62960383E008785E3 /* Model */ = {
			isa = PBXGroup;
			children = (
				EC086FC929603893008785E3 /* NetworkingProvider */,
			);
			path = Model;
			sourceTree = "<group>";
		};
		EC086FC729603858008785E3 /* View */ = {
			isa = PBXGroup;
			children = (
				EC9FCB57295DA1F00004061A /* HomeViewController.swift */,
				EC9FCB58295DA1F00004061A /* HomeViewController.xib */,
			);
			path = View;
			sourceTree = "<group>";
		};
		EC086FC829603860008785E3 /* Presenter */ = {
			isa = PBXGroup;
			children = (
				EC086FCC29603BB8008785E3 /* HomePresenter.swift */,
			);
			path = Presenter;
			sourceTree = "<group>";
		};
		EC086FC929603893008785E3 /* NetworkingProvider */ = {
			isa = PBXGroup;
			children = (
				EC086FCA296038B8008785E3 /* HomeProvider.swift */,
			);
			path = NetworkingProvider;
			sourceTree = "<group>";
		};
		EC6EACB2295C366900473F1D /* Model */ = {
			isa = PBXGroup;
			children = (
				EC6EACB3295C36A600473F1D /* DataPlaylist.swift */,
				EC6EACB5295C40B300473F1D /* DataVideo.swift */,
				EC6EACB7295C481B00473F1D /* DataChannel.swift */,
				EC6EACB9295C484400473F1D /* DataPlaylistItem.swift */,
			);
			path = Model;
			sourceTree = "<group>";
		};
		EC9FCB4B295D9F650004061A /* Main */ = {
			isa = PBXGroup;
			children = (
				EC9FCB4E295DA0110004061A /* RootPageViewController.swift */,
				EC9FCB50295DA0300004061A /* MainViewController.swift */,
			);
			path = Main;
			sourceTree = "<group>";
		};
		EC9FCB52295DA1960004061A /* Home */ = {
			isa = PBXGroup;
			children = (
				EC086FC829603860008785E3 /* Presenter */,
				EC086FC729603858008785E3 /* View */,
				EC086FC62960383E008785E3 /* Model */,
			);
			path = Home;
			sourceTree = "<group>";
		};
		EC9FCB53295DA1A00004061A /* Videos */ = {
			isa = PBXGroup;
			children = (
				EC9FCB5B295DA2010004061A /* VideosViewController.swift */,
				EC9FCB5C295DA2010004061A /* VideosViewController.xib */,
			);
			path = Videos;
			sourceTree = "<group>";
		};
		EC9FCB54295DA1AE0004061A /* Playlists */ = {
			isa = PBXGroup;
			children = (
				EC9FCB5F295DA2140004061A /* PlaylistsViewController.swift */,
				EC9FCB60295DA2140004061A /* PlaylistsViewController.xib */,
			);
			path = Playlists;
			sourceTree = "<group>";
		};
		EC9FCB55295DA1BA0004061A /* Channel */ = {
			isa = PBXGroup;
			children = (
				EC9FCB63295DA2270004061A /* ChannelViewController.swift */,
				EC9FCB64295DA2270004061A /* ChannelViewController.xib */,
			);
			path = Channel;
			sourceTree = "<group>";
		};
		EC9FCB56295DA1CC0004061A /* About */ = {
			isa = PBXGroup;
			children = (
				EC9FCB67295DA2400004061A /* AboutViewController.swift */,
				EC9FCB68295DA2400004061A /* AboutViewController.xib */,
			);
			path = About;
			sourceTree = "<group>";
		};
		EC9FCB6B295DE1CE0004061A /* ServiceLayer */ = {
			isa = PBXGroup;
			children = (
				EC086FBD2960323E008785E3 /* ServiceLayer.swift */,
				EC086FBF2960327A008785E3 /* NetworkError.swift */,
				EC086FC1296032B2008785E3 /* RequestMode.swift */,
			);
			path = ServiceLayer;
			sourceTree = "<group>";
		};
		ECFC22D0295B124A00761349 = {
			isa = PBXGroup;
			children = (
				ECFC22DB295B124A00761349 /* YouTubeClone */,
				ECFC22DA295B124A00761349 /* Products */,
			);
			sourceTree = "<group>";
		};
		ECFC22DA295B124A00761349 /* Products */ = {
			isa = PBXGroup;
			children = (
				ECFC22D9295B124A00761349 /* YouTubeClone.app */,
			);
			name = Products;
			sourceTree = "<group>";
		};
		ECFC22DB295B124A00761349 /* YouTubeClone */ = {
			isa = PBXGroup;
			children = (
				EC086FC32960340A008785E3 /* Utils */,
				EC9FCB6B295DE1CE0004061A /* ServiceLayer */,
				EC9FCB56295DA1CC0004061A /* About */,
				EC9FCB55295DA1BA0004061A /* Channel */,
				EC9FCB54295DA1AE0004061A /* Playlists */,
				EC9FCB53295DA1A00004061A /* Videos */,
				EC9FCB52295DA1960004061A /* Home */,
				EC9FCB4B295D9F650004061A /* Main */,
				EC6EACB2295C366900473F1D /* Model */,
				ECFC22DC295B124A00761349 /* AppDelegate.swift */,
				ECFC22DE295B124A00761349 /* SceneDelegate.swift */,
				ECFC22E0295B124A00761349 /* ViewController.swift */,
				ECFC22E2295B124A00761349 /* Main.storyboard */,
				ECFC22EA295B124B00761349 /* LaunchScreen.storyboard */,
				ECFC22E8295B124B00761349 /* Assets.xcassets */,
				ECFC22ED295B124B00761349 /* Info.plist */,
				ECFC22E5295B124A00761349 /* YouTubeClone.xcdatamodeld */,
			);
			path = YouTubeClone;
			sourceTree = "<group>";
		};
/* End PBXGroup section */

/* Begin PBXNativeTarget section */
		ECFC22D8295B124A00761349 /* YouTubeClone */ = {
			isa = PBXNativeTarget;
			buildConfigurationList = ECFC22F0295B124B00761349 /* Build configuration list for PBXNativeTarget "YouTubeClone" */;
			buildPhases = (
				ECFC22D5295B124A00761349 /* Sources */,
				ECFC22D6295B124A00761349 /* Frameworks */,
				ECFC22D7295B124A00761349 /* Resources */,
			);
			buildRules = (
			);
			dependencies = (
			);
			name = YouTubeClone;
			productName = YouTubeClone;
			productReference = ECFC22D9295B124A00761349 /* YouTubeClone.app */;
			productType = "com.apple.product-type.application";
		};
/* End PBXNativeTarget section */

/* Begin PBXProject section */
		ECFC22D1295B124A00761349 /* Project object */ = {
			isa = PBXProject;
			attributes = {
				BuildIndependentTargetsInParallel = 1;
				LastSwiftUpdateCheck = 1400;
				LastUpgradeCheck = 1400;
				TargetAttributes = {
					ECFC22D8295B124A00761349 = {
						CreatedOnToolsVersion = 14.0.1;
					};
				};
			};
			buildConfigurationList = ECFC22D4295B124A00761349 /* Build configuration list for PBXProject "YouTubeClone" */;
			compatibilityVersion = "Xcode 14.0";
			developmentRegion = en;
			hasScannedForEncodings = 0;
			knownRegions = (
				en,
				Base,
			);
			mainGroup = ECFC22D0295B124A00761349;
			productRefGroup = ECFC22DA295B124A00761349 /* Products */;
			projectDirPath = "";
			projectRoot = "";
			targets = (
				ECFC22D8295B124A00761349 /* YouTubeClone */,
			);
		};
/* End PBXProject section */

/* Begin PBXResourcesBuildPhase section */
		ECFC22D7295B124A00761349 /* Resources */ = {
			isa = PBXResourcesBuildPhase;
			buildActionMask = 2147483647;
			files = (
				EC9FCB62295DA2140004061A /* PlaylistsViewController.xib in Resources */,
				ECFC22EC295B124B00761349 /* LaunchScreen.storyboard in Resources */,
				EC9FCB6A295DA2400004061A /* AboutViewController.xib in Resources */,
				ECFC22E9295B124B00761349 /* Assets.xcassets in Resources */,
				EC9FCB5E295DA2010004061A /* VideosViewController.xib in Resources */,
				ECFC22E4295B124A00761349 /* Main.storyboard in Resources */,
				EC9FCB5A295DA1F00004061A /* HomeViewController.xib in Resources */,
				EC9FCB66295DA2270004061A /* ChannelViewController.xib in Resources */,
			);
			runOnlyForDeploymentPostprocessing = 0;
		};
/* End PBXResourcesBuildPhase section */

/* Begin PBXSourcesBuildPhase section */
		ECFC22D5295B124A00761349 /* Sources */ = {
			isa = PBXSourcesBuildPhase;
			buildActionMask = 2147483647;
			files = (
				EC086FCD29603BB8008785E3 /* HomePresenter.swift in Sources */,
				EC086FC02960327A008785E3 /* NetworkError.swift in Sources */,
				EC086FC529603421008785E3 /* Constants.swift in Sources */,
				EC6EACB4295C36A600473F1D /* DataPlaylist.swift in Sources */,
				ECFC22E1295B124A00761349 /* ViewController.swift in Sources */,
				ECFC22DD295B124A00761349 /* AppDelegate.swift in Sources */,
				EC086FCB296038B8008785E3 /* HomeProvider.swift in Sources */,
				EC9FCB69295DA2400004061A /* AboutViewController.swift in Sources */,
				ECFC22DF295B124A00761349 /* SceneDelegate.swift in Sources */,
				EC6EACBA295C484400473F1D /* DataPlaylistItem.swift in Sources */,
				EC9FCB61295DA2140004061A /* PlaylistsViewController.swift in Sources */,
				ECFC22E7295B124A00761349 /* YouTubeClone.xcdatamodeld in Sources */,
				EC9FCB5D295DA2010004061A /* VideosViewController.swift in Sources */,
				EC9FCB4F295DA0110004061A /* RootPageViewController.swift in Sources */,
				EC9FCB59295DA1F00004061A /* HomeViewController.swift in Sources */,
				EC086FBE2960323E008785E3 /* ServiceLayer.swift in Sources */,
				EC6EACB8295C481B00473F1D /* DataChannel.swift in Sources */,
				EC086FC2296032B2008785E3 /* RequestMode.swift in Sources */,
				EC6EACB6295C40B300473F1D /* DataVideo.swift in Sources */,
				EC9FCB65295DA2270004061A /* ChannelViewController.swift in Sources */,
				EC9FCB51295DA0300004061A /* MainViewController.swift in Sources */,
			);
			runOnlyForDeploymentPostprocessing = 0;
		};
/* End PBXSourcesBuildPhase section */

/* Begin PBXVariantGroup section */
		ECFC22E2295B124A00761349 /* Main.storyboard */ = {
			isa = PBXVariantGroup;
			children = (
				ECFC22E3295B124A00761349 /* Base */,
			);
			name = Main.storyboard;
			sourceTree = "<group>";
		};
		ECFC22EA295B124B00761349 /* LaunchScreen.storyboard */ = {
			isa = PBXVariantGroup;
			children = (
				ECFC22EB295B124B00761349 /* Base */,
			);
			name = LaunchScreen.storyboard;
			sourceTree = "<group>";
		};
/* End PBXVariantGroup section */

/* Begin XCBuildConfiguration section */
		ECFC22EE295B124B00761349 /* Debug */ = {
			isa = XCBuildConfiguration;
			buildSettings = {
				ALWAYS_SEARCH_USER_PATHS = NO;
				CLANG_ANALYZER_NONNULL = YES;
				CLANG_ANALYZER_NUMBER_OBJECT_CONVERSION = YES_AGGRESSIVE;
				CLANG_CXX_LANGUAGE_STANDARD = "gnu++20";
				CLANG_ENABLE_MODULES = YES;
				CLANG_ENABLE_OBJC_ARC = YES;
				CLANG_ENABLE_OBJC_WEAK = YES;
				CLANG_WARN_BLOCK_CAPTURE_AUTORELEASING = YES;
				CLANG_WARN_BOOL_CONVERSION = YES;
				CLANG_WARN_COMMA = YES;
				CLANG_WARN_CONSTANT_CONVERSION = YES;
				CLANG_WARN_DEPRECATED_OBJC_IMPLEMENTATIONS = YES;
				CLANG_WARN_DIRECT_OBJC_ISA_USAGE = YES_ERROR;
				CLANG_WARN_DOCUMENTATION_COMMENTS = YES;
				CLANG_WARN_EMPTY_BODY = YES;
				CLANG_WARN_ENUM_CONVERSION = YES;
				CLANG_WARN_INFINITE_RECURSION = YES;
				CLANG_WARN_INT_CONVERSION = YES;
				CLANG_WARN_NON_LITERAL_NULL_CONVERSION = YES;
				CLANG_WARN_OBJC_IMPLICIT_RETAIN_SELF = YES;
				CLANG_WARN_OBJC_LITERAL_CONVERSION = YES;
				CLANG_WARN_OBJC_ROOT_CLASS = YES_ERROR;
				CLANG_WARN_QUOTED_INCLUDE_IN_FRAMEWORK_HEADER = YES;
				CLANG_WARN_RANGE_LOOP_ANALYSIS = YES;
				CLANG_WARN_STRICT_PROTOTYPES = YES;
				CLANG_WARN_SUSPICIOUS_MOVE = YES;
				CLANG_WARN_UNGUARDED_AVAILABILITY = YES_AGGRESSIVE;
				CLANG_WARN_UNREACHABLE_CODE = YES;
				CLANG_WARN__DUPLICATE_METHOD_MATCH = YES;
				COPY_PHASE_STRIP = NO;
				DEBUG_INFORMATION_FORMAT = dwarf;
				ENABLE_STRICT_OBJC_MSGSEND = YES;
				ENABLE_TESTABILITY = YES;
				GCC_C_LANGUAGE_STANDARD = gnu11;
				GCC_DYNAMIC_NO_PIC = NO;
				GCC_NO_COMMON_BLOCKS = YES;
				GCC_OPTIMIZATION_LEVEL = 0;
				GCC_PREPROCESSOR_DEFINITIONS = (
					"DEBUG=1",
					"$(inherited)",
				);
				GCC_WARN_64_TO_32_BIT_CONVERSION = YES;
				GCC_WARN_ABOUT_RETURN_TYPE = YES_ERROR;
				GCC_WARN_UNDECLARED_SELECTOR = YES;
				GCC_WARN_UNINITIALIZED_AUTOS = YES_AGGRESSIVE;
				GCC_WARN_UNUSED_FUNCTION = YES;
				GCC_WARN_UNUSED_VARIABLE = YES;
				IPHONEOS_DEPLOYMENT_TARGET = 16.0;
				MTL_ENABLE_DEBUG_INFO = INCLUDE_SOURCE;
				MTL_FAST_MATH = YES;
				ONLY_ACTIVE_ARCH = YES;
				SDKROOT = iphoneos;
				SWIFT_ACTIVE_COMPILATION_CONDITIONS = DEBUG;
				SWIFT_OPTIMIZATION_LEVEL = "-Onone";
			};
			name = Debug;
		};
		ECFC22EF295B124B00761349 /* Release */ = {
			isa = XCBuildConfiguration;
			buildSettings = {
				ALWAYS_SEARCH_USER_PATHS = NO;
				CLANG_ANALYZER_NONNULL = YES;
				CLANG_ANALYZER_NUMBER_OBJECT_CONVERSION = YES_AGGRESSIVE;
				CLANG_CXX_LANGUAGE_STANDARD = "gnu++20";
				CLANG_ENABLE_MODULES = YES;
				CLANG_ENABLE_OBJC_ARC = YES;
				CLANG_ENABLE_OBJC_WEAK = YES;
				CLANG_WARN_BLOCK_CAPTURE_AUTORELEASING = YES;
				CLANG_WARN_BOOL_CONVERSION = YES;
				CLANG_WARN_COMMA = YES;
				CLANG_WARN_CONSTANT_CONVERSION = YES;
				CLANG_WARN_DEPRECATED_OBJC_IMPLEMENTATIONS = YES;
				CLANG_WARN_DIRECT_OBJC_ISA_USAGE = YES_ERROR;
				CLANG_WARN_DOCUMENTATION_COMMENTS = YES;
				CLANG_WARN_EMPTY_BODY = YES;
				CLANG_WARN_ENUM_CONVERSION = YES;
				CLANG_WARN_INFINITE_RECURSION = YES;
				CLANG_WARN_INT_CONVERSION = YES;
				CLANG_WARN_NON_LITERAL_NULL_CONVERSION = YES;
				CLANG_WARN_OBJC_IMPLICIT_RETAIN_SELF = YES;
				CLANG_WARN_OBJC_LITERAL_CONVERSION = YES;
				CLANG_WARN_OBJC_ROOT_CLASS = YES_ERROR;
				CLANG_WARN_QUOTED_INCLUDE_IN_FRAMEWORK_HEADER = YES;
				CLANG_WARN_RANGE_LOOP_ANALYSIS = YES;
				CLANG_WARN_STRICT_PROTOTYPES = YES;
				CLANG_WARN_SUSPICIOUS_MOVE = YES;
				CLANG_WARN_UNGUARDED_AVAILABILITY = YES_AGGRESSIVE;
				CLANG_WARN_UNREACHABLE_CODE = YES;
				CLANG_WARN__DUPLICATE_METHOD_MATCH = YES;
				COPY_PHASE_STRIP = NO;
				DEBUG_INFORMATION_FORMAT = "dwarf-with-dsym";
				ENABLE_NS_ASSERTIONS = NO;
				ENABLE_STRICT_OBJC_MSGSEND = YES;
				GCC_C_LANGUAGE_STANDARD = gnu11;
				GCC_NO_COMMON_BLOCKS = YES;
				GCC_WARN_64_TO_32_BIT_CONVERSION = YES;
				GCC_WARN_ABOUT_RETURN_TYPE = YES_ERROR;
				GCC_WARN_UNDECLARED_SELECTOR = YES;
				GCC_WARN_UNINITIALIZED_AUTOS = YES_AGGRESSIVE;
				GCC_WARN_UNUSED_FUNCTION = YES;
				GCC_WARN_UNUSED_VARIABLE = YES;
				IPHONEOS_DEPLOYMENT_TARGET = 16.0;
				MTL_ENABLE_DEBUG_INFO = NO;
				MTL_FAST_MATH = YES;
				SDKROOT = iphoneos;
				SWIFT_COMPILATION_MODE = wholemodule;
				SWIFT_OPTIMIZATION_LEVEL = "-O";
				VALIDATE_PRODUCT = YES;
			};
			name = Release;
		};
		ECFC22F1295B124B00761349 /* Debug */ = {
			isa = XCBuildConfiguration;
			buildSettings = {
				ASSETCATALOG_COMPILER_APPICON_NAME = AppIcon;
				ASSETCATALOG_COMPILER_GLOBAL_ACCENT_COLOR_NAME = AccentColor;
				CODE_SIGN_STYLE = Automatic;
				CURRENT_PROJECT_VERSION = 1;
				DEVELOPMENT_TEAM = 4325WCFQGF;
				GENERATE_INFOPLIST_FILE = YES;
				INFOPLIST_FILE = YouTubeClone/Info.plist;
				INFOPLIST_KEY_UIApplicationSupportsIndirectInputEvents = YES;
				INFOPLIST_KEY_UILaunchStoryboardName = LaunchScreen;
				INFOPLIST_KEY_UIMainStoryboardFile = Main;
				INFOPLIST_KEY_UISupportedInterfaceOrientations_iPad = "UIInterfaceOrientationPortrait UIInterfaceOrientationPortraitUpsideDown UIInterfaceOrientationLandscapeLeft UIInterfaceOrientationLandscapeRight";
				INFOPLIST_KEY_UISupportedInterfaceOrientations_iPhone = "UIInterfaceOrientationPortrait UIInterfaceOrientationLandscapeLeft UIInterfaceOrientationLandscapeRight";
				LD_RUNPATH_SEARCH_PATHS = (
					"$(inherited)",
					"@executable_path/Frameworks",
				);
				MARKETING_VERSION = 1.0;
				PRODUCT_BUNDLE_IDENTIFIER = lupe.YouTubeClone;
				PRODUCT_NAME = "$(TARGET_NAME)";
				SWIFT_EMIT_LOC_STRINGS = YES;
				SWIFT_VERSION = 5.0;
				TARGETED_DEVICE_FAMILY = "1,2";
			};
			name = Debug;
		};
		ECFC22F2295B124B00761349 /* Release */ = {
			isa = XCBuildConfiguration;
			buildSettings = {
				ASSETCATALOG_COMPILER_APPICON_NAME = AppIcon;
				ASSETCATALOG_COMPILER_GLOBAL_ACCENT_COLOR_NAME = AccentColor;
				CODE_SIGN_STYLE = Automatic;
				CURRENT_PROJECT_VERSION = 1;
				DEVELOPMENT_TEAM = 4325WCFQGF;
				GENERATE_INFOPLIST_FILE = YES;
				INFOPLIST_FILE = YouTubeClone/Info.plist;
				INFOPLIST_KEY_UIApplicationSupportsIndirectInputEvents = YES;
				INFOPLIST_KEY_UILaunchStoryboardName = LaunchScreen;
				INFOPLIST_KEY_UIMainStoryboardFile = Main;
				INFOPLIST_KEY_UISupportedInterfaceOrientations_iPad = "UIInterfaceOrientationPortrait UIInterfaceOrientationPortraitUpsideDown UIInterfaceOrientationLandscapeLeft UIInterfaceOrientationLandscapeRight";
				INFOPLIST_KEY_UISupportedInterfaceOrientations_iPhone = "UIInterfaceOrientationPortrait UIInterfaceOrientationLandscapeLeft UIInterfaceOrientationLandscapeRight";
				LD_RUNPATH_SEARCH_PATHS = (
					"$(inherited)",
					"@executable_path/Frameworks",
				);
				MARKETING_VERSION = 1.0;
				PRODUCT_BUNDLE_IDENTIFIER = lupe.YouTubeClone;
				PRODUCT_NAME = "$(TARGET_NAME)";
				SWIFT_EMIT_LOC_STRINGS = YES;
				SWIFT_VERSION = 5.0;
				TARGETED_DEVICE_FAMILY = "1,2";
			};
			name = Release;
		};
/* End XCBuildConfiguration section */

/* Begin XCConfigurationList section */
		ECFC22D4295B124A00761349 /* Build configuration list for PBXProject "YouTubeClone" */ = {
			isa = XCConfigurationList;
			buildConfigurations = (
				ECFC22EE295B124B00761349 /* Debug */,
				ECFC22EF295B124B00761349 /* Release */,
			);
			defaultConfigurationIsVisible = 0;
			defaultConfigurationName = Release;
		};
		ECFC22F0295B124B00761349 /* Build configuration list for PBXNativeTarget "YouTubeClone" */ = {
			isa = XCConfigurationList;
			buildConfigurations = (
				ECFC22F1295B124B00761349 /* Debug */,
				ECFC22F2295B124B00761349 /* Release */,
			);
			defaultConfigurationIsVisible = 0;
			defaultConfigurationName = Release;
		};
/* End XCConfigurationList section */

/* Begin XCVersionGroup section */
		ECFC22E5295B124A00761349 /* YouTubeClone.xcdatamodeld */ = {
			isa = XCVersionGroup;
			children = (
				ECFC22E6295B124A00761349 /* YouTubeClone.xcdatamodel */,
			);
			currentVersion = ECFC22E6295B124A00761349 /* YouTubeClone.xcdatamodel */;
			path = YouTubeClone.xcdatamodeld;
			sourceTree = "<group>";
			versionGroupType = wrapper.xcdatamodel;
		};
/* End XCVersionGroup section */
	};
	rootObject = ECFC22D1295B124A00761349 /* Project object */;
}
